# =============================================================================
# Generated by GitHub Agentic Workflows CLI (gh aw compile) v0.87.0
# Source: .github/workflows/fork-approval-gate.md
# DO NOT EDIT DIRECTLY. Re-compile using `gh aw compile` after editing source.
# =============================================================================

name: Fork PR Approval Gate

on:
  workflow_dispatch:
    inputs:
      run_id:
        description: "Target GitHub Actions Workflow Run ID to evaluate"
        required: true
        type: string
      pr_number:
        description: "Target Pull Request Number associated with the run"
        required: true
        type: string

permissions:
  actions: read
  pull-requests: read
  contents: read

jobs:
  agent-evaluator:
    name: Agent Security Evaluation
    runs-on: ubuntu-latest
    steps:
      - name: Checkout Repository
        uses: actions/checkout@v4

      - name: Execute Agent Reasoning Loop
        id: agent_reasoning
        run: |
          echo "Starting Agentic Security Evaluation for Run ID: ${{ inputs.run_id }}, PR: ${{ inputs.pr_number }}"
          # The agent reads PR diff, workflow file, and determines whether to emit approve-workflow-run safe-output

  safe-output-approval-handler:
    name: Safe-Output Approval Gate Handler (Deterministic)
    needs: [agent-evaluator]
    runs-on: ubuntu-latest
    permissions:
      actions: write
      pull-requests: read
    steps:
      - name: Enforce Policy Gate & Execute Approval
        env:
          APPROVE_TOKEN: ${{ secrets.APPROVE_WORKFLOW_RUN_TOKEN }}
          TARGET_RUN_ID: ${{ inputs.run_id }}
          TARGET_PR: ${{ inputs.pr_number }}
          STAGED_MODE: "true" # Set to false in live execution
          FORK_ALLOWED: "true"
          ALLOWED_WORKFLOWS: "fork-ci.yml"
        run: |
          echo "=== Safe-Output Deterministic Policy Evaluation ==="
          echo "Checking allowlist for workflow and PR scope..."
          echo "Staged Mode: $STAGED_MODE"
          echo "Allowed Workflows: $ALLOWED_WORKFLOWS"
          echo "Target Run ID: $TARGET_RUN_ID"
          echo "Target PR Number: $TARGET_PR"
          # In live mode (staged=false), calls GitHub Actions API: POST /repos/{owner}/{repo}/actions/runs/{run_id}/approve
